// !$*UTF8*$!
{
	archiveVersion = 1;
	classes = {
	};
	objectVersion = 77;
	objects = {

/* Begin PBXContainerItemProxy section */
		8A65482C2DE0EF84007D0D25 /* PBXContainerItemProxy */ = {
			isa = PBXContainerItemProxy;
			containerPortal = 8A6548142DE0EF81007D0D25 /* Project object */;
			proxyType = 1;
			remoteGlobalIDString = 8A65481B2DE0EF81007D0D25;
			remoteInfo = LiftLoop;
		};
		8A6548362DE0EF84007D0D25 /* PBXContainerItemProxy */ = {
			isa = PBXContainerItemProxy;
			containerPortal = 8A6548142DE0EF81007D0D25 /* Project object */;
			proxyType = 1;
			remoteGlobalIDString = 8A65481B2DE0EF81007D0D25;
			remoteInfo = LiftLoop;
		};
/* End PBXContainerItemProxy section */

/* Begin PBXFileReference section */
		8A65481C2DE0EF81007D0D25 /* LiftLoop.app */ = {isa = PBXFileReference; explicitFileType = wrapper.application; includeInIndex = 0; path = LiftLoop.app; sourceTree = BUILT_PRODUCTS_DIR; };
		8A65482B2DE0EF84007D0D25 /* LiftLoopTests.xctest */ = {isa = PBXFileReference; explicitFileType = wrapper.cfbundle; includeInIndex = 0; path = LiftLoopTests.xctest; sourceTree = BUILT_PRODUCTS_DIR; };
		8A6548352DE0EF84007D0D25 /* LiftLoopUITests.xctest */ = {isa = PBXFileReference; explicitFileType = wrapper.cfbundle; includeInIndex = 0; path = LiftLoopUITests.xctest; sourceTree = BUILT_PRODUCTS_DIR; };
/* End PBXFileReference section */

/* Begin PBXFileSystemSynchronizedRootGroup section */
		8A65481E2DE0EF81007D0D25 /* LiftLoop */ = {
			isa = PBXFileSystemSynchronizedRootGroup;
			path = LiftLoop;
			sourceTree = "<group>";
		};
		8A65482E2DE0EF84007D0D25 /* LiftLoopTests */ = {
			isa = PBXFileSystemSynchronizedRootGroup;
			path = LiftLoopTests;
			sourceTree = "<group>";
		};
		8A6548382DE0EF84007D0D25 /* LiftLoopUITests */ = {
			isa = PBXFileSystemSynchronizedRootGroup;
			path = LiftLoopUITests;
			sourceTree = "<group>";
		};
/* End PBXFileSystemSynchronizedRootGroup section */

/* Begin PBXFrameworksBuildPhase section */
		8A6548192DE0EF81007D0D25 /* Frameworks */ = {
			isa = PBXFrameworksBuildPhase;
			buildActionMask = 2147483647;
			files = (
			);
			runOnlyForDeploymentPostprocessing = 0;
		};
		8A6548282DE0EF84007D0D25 /* Frameworks */ = {
			isa = PBXFrameworksBuildPhase;
			buildActionMask = 2147483647;
			files = (
			);
			runOnlyForDeploymentPostprocessing = 0;
		};
		8A6548322DE0EF84007D0D25 /* Frameworks */ = {
			isa = PBXFrameworksBuildPhase;
			buildActionMask = 2147483647;
			files = (
			);
			runOnlyForDeploymentPostprocessing = 0;
		};
/* End PBXFrameworksBuildPhase section */

/* Begin PBXGroup section */
		8A6548132DE0EF81007D0D25 = {
			isa = PBXGroup;
			children = (
				8A65481E2DE0EF81007D0D25 /* LiftLoop */,
				8A65482E2DE0EF84007D0D25 /* LiftLoopTests */,
				8A6548382DE0EF84007D0D25 /* LiftLoopUITests */,
				8A65481D2DE0EF81007D0D25 /* Products */,
			);
			sourceTree = "<group>";
		};
		8A65481D2DE0EF81007D0D25 /* Products */ = {
			isa = PBXGroup;
			children = (
				8A65481C2DE0EF81007D0D25 /* LiftLoop.app */,
				8A65482B2DE0EF84007D0D25 /* LiftLoopTests.xctest */,
				8A6548352DE0EF84007D0D25 /* LiftLoopUITests.xctest */,
			);
			name = Products;
			sourceTree = "<group>";
		};
/* End PBXGroup section */

/* Begin PBXNativeTarget section */
		8A65481B2DE0EF81007D0D25 /* LiftLoop */ = {
			isa = PBXNativeTarget;
			buildConfigurationList = 8A65483F2DE0EF84007D0D25 /* Build configuration list for PBXNativeTarget "LiftLoop" */;
			buildPhases = (
				8A6548182DE0EF81007D0D25 /* Sources */,
				8A6548192DE0EF81007D0D25 /* Frameworks */,
				8A65481A2DE0EF81007D0D25 /* Resources */,
			);
			buildRules = (
			);
			dependencies = (
			);
			fileSystemSynchronizedGroups = (
				8A65481E2DE0EF81007D0D25 /* LiftLoop */,
			);
			name = LiftLoop;
			packageProductDependencies = (
			);
			productName = LiftLoop;
			productReference = 8A65481C2DE0EF81007D0D25 /* LiftLoop.app */;
			productType = "com.apple.product-type.application";
		};
		8A65482A2DE0EF84007D0D25 /* LiftLoopTests */ = {
			isa = PBXNativeTarget;
			buildConfigurationList = 8A6548422DE0EF84007D0D25 /* Build configuration list for PBXNativeTarget "LiftLoopTests" */;
			buildPhases = (
				8A6548272DE0EF84007D0D25 /* Sources */,
				8A6548282DE0EF84007D0D25 /* Frameworks */,
				8A6548292DE0EF84007D0D25 /* Resources */,
			);
			buildRules = (
			);
			dependencies = (
				8A65482D2DE0EF84007D0D25 /* PBXTargetDependency */,
			);
			fileSystemSynchronizedGroups = (
				8A65482E2DE0EF84007D0D25 /* LiftLoopTests */,
			);
			name = LiftLoopTests;
			packageProductDependencies = (
			);
			productName = LiftLoopTests;
			productReference = 8A65482B2DE0EF84007D0D25 /* LiftLoopTests.xctest */;
			productType = "com.apple.product-type.bundle.unit-test";
		};
		8A6548342DE0EF84007D0D25 /* LiftLoopUITests */ = {
			isa = PBXNativeTarget;
			buildConfigurationList = 8A6548452DE0EF84007D0D25 /* Build configuration list for PBXNativeTarget "LiftLoopUITests" */;
			buildPhases = (
				8A6548312DE0EF84007D0D25 /* Sources */,
				8A6548322DE0EF84007D0D25 /* Frameworks */,
				8A6548332DE0EF84007D0D25 /* Resources */,
			);
			buildRules = (
			);
			dependencies = (
				8A6548372DE0EF84007D0D25 /* PBXTargetDependency */,
			);
			fileSystemSynchronizedGroups = (
				8A6548382DE0EF84007D0D25 /* LiftLoopUITests */,
			);
			name = LiftLoopUITests;
			packageProductDependencies = (
			);
			productName = LiftLoopUITests;
			productReference = 8A6548352DE0EF84007D0D25 /* LiftLoopUITests.xctest */;
			productType = "com.apple.product-type.bundle.ui-testing";
		};
/* End PBXNativeTarget section */

/* Begin PBXProject section */
		8A6548142DE0EF81007D0D25 /* Project object */ = {
			isa = PBXProject;
			attributes = {
				BuildIndependentTargetsInParallel = 1;
				LastSwiftUpdateCheck = 1630;
				LastUpgradeCheck = 1630;
				TargetAttributes = {
					8A65481B2DE0EF81007D0D25 = {
						CreatedOnToolsVersion = 16.3;
					};
					8A65482A2DE0EF84007D0D25 = {
						CreatedOnToolsVersion = 16.3;
						TestTargetID = 8A65481B2DE0EF81007D0D25;
					};
					8A6548342DE0EF84007D0D25 = {
						CreatedOnToolsVersion = 16.3;
						TestTargetID = 8A65481B2DE0EF81007D0D25;
					};
				};
			};
			buildConfigurationList = 8A6548172DE0EF81007D0D25 /* Build configuration list for PBXProject "LiftLoop" */;
			developmentRegion = en;
			hasScannedForEncodings = 0;
			knownRegions = (
				en,
				Base,
			);
			mainGroup = 8A6548132DE0EF81007D0D25;
			minimizedProjectReferenceProxies = 1;
			preferredProjectObjectVersion = 77;
			productRefGroup = 8A65481D2DE0EF81007D0D25 /* Products */;
			projectDirPath = "";
			projectRoot = "";
			targets = (
				8A65481B2DE0EF81007D0D25 /* LiftLoop */,
				8A65482A2DE0EF84007D0D25 /* LiftLoopTests */,
				8A6548342DE0EF84007D0D25 /* LiftLoopUITests */,
			);
		};
/* End PBXProject section */

/* Begin PBXResourcesBuildPhase section */
		8A65481A2DE0EF81007D0D25 /* Resources */ = {
			isa = PBXResourcesBuildPhase;
			buildActionMask = 2147483647;
			files = (
			);
			runOnlyForDeploymentPostprocessing = 0;
		};
		8A6548292DE0EF84007D0D25 /* Resources */ = {
			isa = PBXResourcesBuildPhase;
			buildActionMask = 2147483647;
			files = (
			);
			runOnlyForDeploymentPostprocessing = 0;
		};
		8A6548332DE0EF84007D0D25 /* Resources */ = {
			isa = PBXResourcesBuildPhase;
			buildActionMask = 2147483647;
			files = (
			);
			runOnlyForDeploymentPostprocessing = 0;
		};
/* End PBXResourcesBuildPhase section */

/* Begin PBXSourcesBuildPhase section */
		8A6548182DE0EF81007D0D25 /* Sources */ = {
			isa = PBXSourcesBuildPhase;
			buildActionMask = 2147483647;
			files = (
			);
			runOnlyForDeploymentPostprocessing = 0;
		};
		8A6548272DE0EF84007D0D25 /* Sources */ = {
			isa = PBXSourcesBuildPhase;
			buildActionMask = 2147483647;
			files = (
			);
			runOnlyForDeploymentPostprocessing = 0;
		};
		8A6548312DE0EF84007D0D25 /* Sources */ = {
			isa = PBXSourcesBuildPhase;
			buildActionMask = 2147483647;
			files = (
			);
			runOnlyForDeploymentPostprocessing = 0;
		};
/* End PBXSourcesBuildPhase section */

/* Begin PBXTargetDependency section */
		8A65482D2DE0EF84007D0D25 /* PBXTargetDependency */ = {
			isa = PBXTargetDependency;
			target = 8A65481B2DE0EF81007D0D25 /* LiftLoop */;
			targetProxy = 8A65482C2DE0EF84007D0D25 /* PBXContainerItemProxy */;
		};
		8A6548372DE0EF84007D0D25 /* PBXTargetDependency */ = {
			isa = PBXTargetDependency;
			target = 8A65481B2DE0EF81007D0D25 /* LiftLoop */;
			targetProxy = 8A6548362DE0EF84007D0D25 /* PBXContainerItemProxy */;
		};
/* End PBXTargetDependency section */

/* Begin XCBuildConfiguration section */
		8A65483D2DE0EF84007D0D25 /* Debug */ = {
			isa = XCBuildConfiguration;
			buildSettings = {
				ALWAYS_SEARCH_USER_PATHS = NO;
				ASSETCATALOG_COMPILER_GENERATE_SWIFT_ASSET_SYMBOL_EXTENSIONS = YES;
				CLANG_ANALYZER_NONNULL = YES;
				CLANG_ANALYZER_NUMBER_OBJECT_CONVERSION = YES_AGGRESSIVE;
				CLANG_CXX_LANGUAGE_STANDARD = "gnu++20";
				CLANG_ENABLE_MODULES = YES;
				CLANG_ENABLE_OBJC_ARC = YES;
				CLANG_ENABLE_OBJC_WEAK = YES;
				CLANG_WARN_BLOCK_CAPTURE_AUTORELEASING = YES;
				CLANG_WARN_BOOL_CONVERSION = YES;
				CLANG_WARN_COMMA = YES;
				CLANG_WARN_CONSTANT_CONVERSION = YES;
				CLANG_WARN_DEPRECATED_OBJC_IMPLEMENTATIONS = YES;
				CLANG_WARN_DIRECT_OBJC_ISA_USAGE = YES_ERROR;
				CLANG_WARN_DOCUMENTATION_COMMENTS = YES;
				CLANG_WARN_EMPTY_BODY = YES;
				CLANG_WARN_ENUM_CONVERSION = YES;
				CLANG_WARN_INFINITE_RECURSION = YES;
				CLANG_WARN_INT_CONVERSION = YES;
				CLANG_WARN_NON_LITERAL_NULL_CONVERSION = YES;
				CLANG_WARN_OBJC_IMPLICIT_RETAIN_SELF = YES;
				CLANG_WARN_OBJC_LITERAL_CONVERSION = YES;
				CLANG_WARN_OBJC_ROOT_CLASS = YES_ERROR;
				CLANG_WARN_QUOTED_INCLUDE_IN_FRAMEWORK_HEADER = YES;
				CLANG_WARN_RANGE_LOOP_ANALYSIS = YES;
				CLANG_WARN_STRICT_PROTOTYPES = YES;
				CLANG_WARN_SUSPICIOUS_MOVE = YES;
				CLANG_WARN_UNGUARDED_AVAILABILITY = YES_AGGRESSIVE;
				CLANG_WARN_UNREACHABLE_CODE = YES;
				CLANG_WARN__DUPLICATE_METHOD_MATCH = YES;
				COPY_PHASE_STRIP = NO;
				DEBUG_INFORMATION_FORMAT = dwarf;
				DEVELOPMENT_TEAM = U98MB87JNM;
				ENABLE_STRICT_OBJC_MSGSEND = YES;
				ENABLE_TESTABILITY = YES;
				ENABLE_USER_SCRIPT_SANDBOXING = YES;
				GCC_C_LANGUAGE_STANDARD = gnu17;
				GCC_DYNAMIC_NO_PIC = NO;
				GCC_NO_COMMON_BLOCKS = YES;
				GCC_OPTIMIZATION_LEVEL = 0;
				GCC_PREPROCESSOR_DEFINITIONS = (
					"DEBUG=1",
					"$(inherited)",
				);
				GCC_WARN_64_TO_32_BIT_CONVERSION = YES;
				GCC_WARN_ABOUT_RETURN_TYPE = YES_ERROR;
				GCC_WARN_UNDECLARED_SELECTOR = YES;
				GCC_WARN_UNINITIALIZED_AUTOS = YES_AGGRESSIVE;
				GCC_WARN_UNUSED_FUNCTION = YES;
				GCC_WARN_UNUSED_VARIABLE = YES;
				IPHONEOS_DEPLOYMENT_TARGET = 18.4;
				LOCALIZATION_PREFERS_STRING_CATALOGS = YES;
				MTL_ENABLE_DEBUG_INFO = INCLUDE_SOURCE;
				MTL_FAST_MATH = YES;
				ONLY_ACTIVE_ARCH = YES;
				SDKROOT = iphoneos;
				SWIFT_ACTIVE_COMPILATION_CONDITIONS = "DEBUG $(inherited)";
				SWIFT_OPTIMIZATION_LEVEL = "-Onone";
			};
			name = Debug;
		};
		8A65483E2DE0EF84007D0D25 /* Release */ = {
			isa = XCBuildConfiguration;
			buildSettings = {
				ALWAYS_SEARCH_USER_PATHS = NO;
				ASSETCATALOG_COMPILER_GENERATE_SWIFT_ASSET_SYMBOL_EXTENSIONS = YES;
				CLANG_ANALYZER_NONNULL = YES;
				CLANG_ANALYZER_NUMBER_OBJECT_CONVERSION = YES_AGGRESSIVE;
				CLANG_CXX_LANGUAGE_STANDARD = "gnu++20";
				CLANG_ENABLE_MODULES = YES;
				CLANG_ENABLE_OBJC_ARC = YES;
				CLANG_ENABLE_OBJC_WEAK = YES;
				CLANG_WARN_BLOCK_CAPTURE_AUTORELEASING = YES;
				CLANG_WARN_BOOL_CONVERSION = YES;
				CLANG_WARN_COMMA = YES;
				CLANG_WARN_CONSTANT_CONVERSION = YES;
				CLANG_WARN_DEPRECATED_OBJC_IMPLEMENTATIONS = YES;
				CLANG_WARN_DIRECT_OBJC_ISA_USAGE = YES_ERROR;
				CLANG_WARN_DOCUMENTATION_COMMENTS = YES;
				CLANG_WARN_EMPTY_BODY = YES;
				CLANG_WARN_ENUM_CONVERSION = YES;
				CLANG_WARN_INFINITE_RECURSION = YES;
				CLANG_WARN_INT_CONVERSION = YES;
				CLANG_WARN_NON_LITERAL_NULL_CONVERSION = YES;
				CLANG_WARN_OBJC_IMPLICIT_RETAIN_SELF = YES;
				CLANG_WARN_OBJC_LITERAL_CONVERSION = YES;
				CLANG_WARN_OBJC_ROOT_CLASS = YES_ERROR;
				CLANG_WARN_QUOTED_INCLUDE_IN_FRAMEWORK_HEADER = YES;
				CLANG_WARN_RANGE_LOOP_ANALYSIS = YES;
				CLANG_WARN_STRICT_PROTOTYPES = YES;
				CLANG_WARN_SUSPICIOUS_MOVE = YES;
				CLANG_WARN_UNGUARDED_AVAILABILITY = YES_AGGRESSIVE;
				CLANG_WARN_UNREACHABLE_CODE = YES;
				CLANG_WARN__DUPLICATE_METHOD_MATCH = YES;
				COPY_PHASE_STRIP = NO;
				DEBUG_INFORMATION_FORMAT = "dwarf-with-dsym";
				DEVELOPMENT_TEAM = U98MB87JNM;
				ENABLE_NS_ASSERTIONS = NO;
				ENABLE_STRICT_OBJC_MSGSEND = YES;
				ENABLE_USER_SCRIPT_SANDBOXING = YES;
				GCC_C_LANGUAGE_STANDARD = gnu17;
				GCC_NO_COMMON_BLOCKS = YES;
				GCC_WARN_64_TO_32_BIT_CONVERSION = YES;
				GCC_WARN_ABOUT_RETURN_TYPE = YES_ERROR;
				GCC_WARN_UNDECLARED_SELECTOR = YES;
				GCC_WARN_UNINITIALIZED_AUTOS = YES_AGGRESSIVE;
				GCC_WARN_UNUSED_FUNCTION = YES;
				GCC_WARN_UNUSED_VARIABLE = YES;
				IPHONEOS_DEPLOYMENT_TARGET = 18.4;
				LOCALIZATION_PREFERS_STRING_CATALOGS = YES;
				MTL_ENABLE_DEBUG_INFO = NO;
				MTL_FAST_MATH = YES;
				SDKROOT = iphoneos;
				SWIFT_COMPILATION_MODE = wholemodule;
				VALIDATE_PRODUCT = YES;
			};
			name = Release;
		};
		8A6548402DE0EF84007D0D25 /* Debug */ = {
			isa = XCBuildConfiguration;
			buildSettings = {
				ASSETCATALOG_COMPILER_APPICON_NAME = AppIcon;
				ASSETCATALOG_COMPILER_GLOBAL_ACCENT_COLOR_NAME = AccentColor;
				CODE_SIGN_STYLE = Automatic;
				CURRENT_PROJECT_VERSION = 1;
				DEVELOPMENT_TEAM = U98MB87JNM;
				ENABLE_PREVIEWS = YES;
				GENERATE_INFOPLIST_FILE = YES;
				INFOPLIST_KEY_UIApplicationSceneManifest_Generation = YES;
				INFOPLIST_KEY_UIApplicationSupportsIndirectInputEvents = YES;
				INFOPLIST_KEY_UILaunchScreen_Generation = YES;
				INFOPLIST_KEY_UISupportedInterfaceOrientations_iPad = "UIInterfaceOrientationPortrait UIInterfaceOrientationPortraitUpsideDown UIInterfaceOrientationLandscapeLeft UIInterfaceOrientationLandscapeRight";
				INFOPLIST_KEY_UISupportedInterfaceOrientations_iPhone = "UIInterfaceOrientationPortrait UIInterfaceOrientationLandscapeLeft UIInterfaceOrientationLandscapeRight";
				LD_RUNPATH_SEARCH_PATHS = (
					"$(inherited)",
					"@executable_path/Frameworks",
				);
				MARKETING_VERSION = 1.0;
				PRODUCT_BUNDLE_IDENTIFIER = com.TrianglZ.LiftLoop;
				PRODUCT_NAME = "$(TARGET_NAME)";
				SWIFT_EMIT_LOC_STRINGS = YES;
				SWIFT_VERSION = 5.0;
				TARGETED_DEVICE_FAMILY = "1,2";
			};
			name = Debug;
		};
		8A6548412DE0EF84007D0D25 /* Release */ = {
			isa = XCBuildConfiguration;
			buildSettings = {
				ASSETCATALOG_COMPILER_APPICON_NAME = AppIcon;
				ASSETCATALOG_COMPILER_GLOBAL_ACCENT_COLOR_NAME = AccentColor;
				CODE_SIGN_STYLE = Automatic;
				CURRENT_PROJECT_VERSION = 1;
				DEVELOPMENT_TEAM = U98MB87JNM;
				ENABLE_PREVIEWS = YES;
				GENERATE_INFOPLIST_FILE = YES;
				INFOPLIST_KEY_UIApplicationSceneManifest_Generation = YES;
				INFOPLIST_KEY_UIApplicationSupportsIndirectInputEvents = YES;
				INFOPLIST_KEY_UILaunchScreen_Generation = YES;
				INFOPLIST_KEY_UISupportedInterfaceOrientations_iPad = "UIInterfaceOrientationPortrait UIInterfaceOrientationPortraitUpsideDown UIInterfaceOrientationLandscapeLeft UIInterfaceOrientationLandscapeRight";
				INFOPLIST_KEY_UISupportedInterfaceOrientations_iPhone = "UIInterfaceOrientationPortrait UIInterfaceOrientationLandscapeLeft UIInterfaceOrientationLandscapeRight";
				LD_RUNPATH_SEARCH_PATHS = (
					"$(inherited)",
					"@executable_path/Frameworks",
				);
				MARKETING_VERSION = 1.0;
				PRODUCT_BUNDLE_IDENTIFIER = com.TrianglZ.LiftLoop;
				PRODUCT_NAME = "$(TARGET_NAME)";
				SWIFT_EMIT_LOC_STRINGS = YES;
				SWIFT_VERSION = 5.0;
				TARGETED_DEVICE_FAMILY = "1,2";
			};
			name = Release;
		};
		8A6548432DE0EF84007D0D25 /* Debug */ = {
			isa = XCBuildConfiguration;
			buildSettings = {
				BUNDLE_LOADER = "$(TEST_HOST)";
				CODE_SIGN_STYLE = Automatic;
				CURRENT_PROJECT_VERSION = 1;
				DEVELOPMENT_TEAM = U98MB87JNM;
				GENERATE_INFOPLIST_FILE = YES;
				IPHONEOS_DEPLOYMENT_TARGET = 18.4;
				MARKETING_VERSION = 1.0;
				PRODUCT_BUNDLE_IDENTIFIER = com.TrianglZ.LiftLoopTests;
				PRODUCT_NAME = "$(TARGET_NAME)";
				SWIFT_EMIT_LOC_STRINGS = NO;
				SWIFT_VERSION = 5.0;
				TARGETED_DEVICE_FAMILY = "1,2";
				TEST_HOST = "$(BUILT_PRODUCTS_DIR)/LiftLoop.app/$(BUNDLE_EXECUTABLE_FOLDER_PATH)/LiftLoop";
			};
			name = Debug;
		};
		8A6548442DE0EF84007D0D25 /* Release */ = {
			isa = XCBuildConfiguration;
			buildSettings = {
				BUNDLE_LOADER = "$(TEST_HOST)";
				CODE_SIGN_STYLE = Automatic;
				CURRENT_PROJECT_VERSION = 1;
				DEVELOPMENT_TEAM = U98MB87JNM;
				GENERATE_INFOPLIST_FILE = YES;
				IPHONEOS_DEPLOYMENT_TARGET = 18.4;
				MARKETING_VERSION = 1.0;
				PRODUCT_BUNDLE_IDENTIFIER = com.TrianglZ.LiftLoopTests;
				PRODUCT_NAME = "$(TARGET_NAME)";
				SWIFT_EMIT_LOC_STRINGS = NO;
				SWIFT_VERSION = 5.0;
				TARGETED_DEVICE_FAMILY = "1,2";
				TEST_HOST = "$(BUILT_PRODUCTS_DIR)/LiftLoop.app/$(BUNDLE_EXECUTABLE_FOLDER_PATH)/LiftLoop";
			};
			name = Release;
		};
		8A6548462DE0EF84007D0D25 /* Debug */ = {
			isa = XCBuildConfiguration;
			buildSettings = {
				CODE_SIGN_STYLE = Automatic;
				CURRENT_PROJECT_VERSION = 1;
				DEVELOPMENT_TEAM = U98MB87JNM;
				GENERATE_INFOPLIST_FILE = YES;
				MARKETING_VERSION = 1.0;
				PRODUCT_BUNDLE_IDENTIFIER = com.TrianglZ.LiftLoopUITests;
				PRODUCT_NAME = "$(TARGET_NAME)";
				SWIFT_EMIT_LOC_STRINGS = NO;
				SWIFT_VERSION = 5.0;
				TARGETED_DEVICE_FAMILY = "1,2";
				TEST_TARGET_NAME = LiftLoop;
			};
			name = Debug;
		};
		8A6548472DE0EF84007D0D25 /* Release */ = {
			isa = XCBuildConfiguration;
			buildSettings = {
				CODE_SIGN_STYLE = Automatic;
				CURRENT_PROJECT_VERSION = 1;
				DEVELOPMENT_TEAM = U98MB87JNM;
				GENERATE_INFOPLIST_FILE = YES;
				MARKETING_VERSION = 1.0;
				PRODUCT_BUNDLE_IDENTIFIER = com.TrianglZ.LiftLoopUITests;
				PRODUCT_NAME = "$(TARGET_NAME)";
				SWIFT_EMIT_LOC_STRINGS = NO;
				SWIFT_VERSION = 5.0;
				TARGETED_DEVICE_FAMILY = "1,2";
				TEST_TARGET_NAME = LiftLoop;
			};
			name = Release;
		};
/* End XCBuildConfiguration section */

/* Begin XCConfigurationList section */
		8A6548172DE0EF81007D0D25 /* Build configuration list for PBXProject "LiftLoop" */ = {
			isa = XCConfigurationList;
			buildConfigurations = (
				8A65483D2DE0EF84007D0D25 /* Debug */,
				8A65483E2DE0EF84007D0D25 /* Release */,
			);
			defaultConfigurationIsVisible = 0;
			defaultConfigurationName = Release;
		};
		8A65483F2DE0EF84007D0D25 /* Build configuration list for PBXNativeTarget "LiftLoop" */ = {
			isa = XCConfigurationList;
			buildConfigurations = (
				8A6548402DE0EF84007D0D25 /* Debug */,
				8A6548412DE0EF84007D0D25 /* Release */,
			);
			defaultConfigurationIsVisible = 0;
			defaultConfigurationName = Release;
		};
		8A6548422DE0EF84007D0D25 /* Build configuration list for PBXNativeTarget "LiftLoopTests" */ = {
			isa = XCConfigurationList;
			buildConfigurations = (
				8A6548432DE0EF84007D0D25 /* Debug */,
				8A6548442DE0EF84007D0D25 /* Release */,
			);
			defaultConfigurationIsVisible = 0;
			defaultConfigurationName = Release;
		};
		8A6548452DE0EF84007D0D25 /* Build configuration list for PBXNativeTarget "LiftLoopUITests" */ = {
			isa = XCConfigurationList;
			buildConfigurations = (
				8A6548462DE0EF84007D0D25 /* Debug */,
				8A6548472DE0EF84007D0D25 /* Release */,
			);
			defaultConfigurationIsVisible = 0;
			defaultConfigurationName = Release;
		};
/* End XCConfigurationList section */
	};
	rootObject = 8A6548142DE0EF81007D0D25 /* Project object */;
}
